
Microsoft Visual Studio Solution File, Format Version 12.00
# Visual Studio Version 17
VisualStudioVersion = 17.8.34316.72
MinimumVisualStudioVersion = 10.0.40219.1
Project("{2150E333-8FDC-42A3-9474-1A3956D46DE8}") = "Solution Items", "Solution Items", "{9C37E410-8701-4E60-8FD7-5B303F265225}"
	ProjectSection(SolutionItems) = preProject
		.gitignore = .gitignore
		README.md = README.md
	EndProjectSection
EndProject
Project("{2150E333-8FDC-42A3-9474-1A3956D46DE8}") = "Src", "Src", "{67C3472A-D6A1-4DB2-981F-2B621B164A7E}"
EndProject
Project("{9A19103F-16F7-4668-BE54-9A1E7A4F7556}") = "Infrastructure", "Src\Infrastructure\Infrastructure.csproj", "{B81C1A6F-494F-4FA9-A88E-C9BBAEA61FBB}"
EndProject
Project("{9A19103F-16F7-4668-BE54-9A1E7A4F7556}") = "Domain", "Src\Domain\Domain.csproj", "{ACD826D4-9D21-4BFB-B709-F178E0A6BC1F}"
EndProject
Project("{2150E333-8FDC-42A3-9474-1A3956D46DE8}") = "Services", "Services", "{51D419E9-6CFD-424F-8B52-00D873BD6267}"
EndProject
Project("{9A19103F-16F7-4668-BE54-9A1E7A4F7556}") = "CharacterAPI", "Src\Services\CharacterAPI\CharacterAPI.csproj", "{452889F7-09E4-4E01-8D08-986126581962}"
EndProject
Project("{9A19103F-16F7-4668-BE54-9A1E7A4F7556}") = "CreateCharacter", "Src\Services\CreateCharacter\CreateCharacter.csproj", "{E91E7467-B463-4EEF-8C56-968F94D9EFB1}"
EndProject
Project("{FAE04EC0-301F-11D3-BF4B-00C04F79EFBC}") = "Game", "Src\Game\Game.csproj", "{39CEBA55-7722-44FD-A6B9-F19C1999B04F}"
EndProject
Global
	GlobalSection(SolutionConfigurationPlatforms) = preSolution
		Debug|Any CPU = Debug|Any CPU
		Release|Any CPU = Release|Any CPU
	EndGlobalSection
	GlobalSection(ProjectConfigurationPlatforms) = postSolution
		{B81C1A6F-494F-4FA9-A88E-C9BBAEA61FBB}.Debug|Any CPU.ActiveCfg = Debug|Any CPU
		{B81C1A6F-494F-4FA9-A88E-C9BBAEA61FBB}.Debug|Any CPU.Build.0 = Debug|Any CPU
		{B81C1A6F-494F-4FA9-A88E-C9BBAEA61FBB}.Release|Any CPU.ActiveCfg = Release|Any CPU
		{B81C1A6F-494F-4FA9-A88E-C9BBAEA61FBB}.Release|Any CPU.Build.0 = Release|Any CPU
		{ACD826D4-9D21-4BFB-B709-F178E0A6BC1F}.Debug|Any CPU.ActiveCfg = Debug|Any CPU
		{ACD826D4-9D21-4BFB-B709-F178E0A6BC1F}.Debug|Any CPU.Build.0 = Debug|Any CPU
		{ACD826D4-9D21-4BFB-B709-F178E0A6BC1F}.Release|Any CPU.ActiveCfg = Release|Any CPU
		{ACD826D4-9D21-4BFB-B709-F178E0A6BC1F}.Release|Any CPU.Build.0 = Release|Any CPU
		{452889F7-09E4-4E01-8D08-986126581962}.Debug|Any CPU.ActiveCfg = Debug|Any CPU
		{452889F7-09E4-4E01-8D08-986126581962}.Debug|Any CPU.Build.0 = Debug|Any CPU
		{452889F7-09E4-4E01-8D08-986126581962}.Release|Any CPU.ActiveCfg = Release|Any CPU
		{452889F7-09E4-4E01-8D08-986126581962}.Release|Any CPU.Build.0 = Release|Any CPU
		{E91E7467-B463-4EEF-8C56-968F94D9EFB1}.Debug|Any CPU.ActiveCfg = Debug|Any CPU
		{E91E7467-B463-4EEF-8C56-968F94D9EFB1}.Debug|Any CPU.Build.0 = Debug|Any CPU
		{E91E7467-B463-4EEF-8C56-968F94D9EFB1}.Release|Any CPU.ActiveCfg = Release|Any CPU
		{E91E7467-B463-4EEF-8C56-968F94D9EFB1}.Release|Any CPU.Build.0 = Release|Any CPU
		{39CEBA55-7722-44FD-A6B9-F19C1999B04F}.Debug|Any CPU.ActiveCfg = Debug|Any CPU
		{39CEBA55-7722-44FD-A6B9-F19C1999B04F}.Debug|Any CPU.Build.0 = Debug|Any CPU
		{39CEBA55-7722-44FD-A6B9-F19C1999B04F}.Release|Any CPU.ActiveCfg = Release|Any CPU
		{39CEBA55-7722-44FD-A6B9-F19C1999B04F}.Release|Any CPU.Build.0 = Release|Any CPU
	EndGlobalSection
	GlobalSection(SolutionProperties) = preSolution
		HideSolutionNode = FALSE
	EndGlobalSection
	GlobalSection(NestedProjects) = preSolution
		{B81C1A6F-494F-4FA9-A88E-C9BBAEA61FBB} = {67C3472A-D6A1-4DB2-981F-2B621B164A7E}
		{ACD826D4-9D21-4BFB-B709-F178E0A6BC1F} = {67C3472A-D6A1-4DB2-981F-2B621B164A7E}
		{51D419E9-6CFD-424F-8B52-00D873BD6267} = {67C3472A-D6A1-4DB2-981F-2B621B164A7E}
		{452889F7-09E4-4E01-8D08-986126581962} = {51D419E9-6CFD-424F-8B52-00D873BD6267}
		{E91E7467-B463-4EEF-8C56-968F94D9EFB1} = {51D419E9-6CFD-424F-8B52-00D873BD6267}
		{39CEBA55-7722-44FD-A6B9-F19C1999B04F} = {67C3472A-D6A1-4DB2-981F-2B621B164A7E}
	EndGlobalSection
	GlobalSection(ExtensibilityGlobals) = postSolution
		SolutionGuid = {C5813756-F704-45DA-A49B-DC77FCCB9B47}
	EndGlobalSection
EndGlobal
